
Microsoft Visual Studio Solution File, Format Version 12.00
# Visual Studio 15
VisualStudioVersion = 15.0.27130.2036
MinimumVisualStudioVersion = 10.0.40219.1
Project("{FAE04EC0-301F-11D3-BF4B-00C04F79EFBC}") = "TheSongDb", "TheSongDb\TheSongDb.csproj", "{0E8BE679-8494-44E5-8668-01355360BAEB}"
EndProject
Global
	GlobalSection(SolutionConfigurationPlatforms) = preSolution
		Debug|Any CPU = Debug|Any CPU
		Release|Any CPU = Release|Any CPU
	EndGlobalSection
	GlobalSection(ProjectConfigurationPlatforms) = postSolution
		{0E8BE679-8494-44E5-8668-01355360BAEB}.Debug|Any CPU.ActiveCfg = Debug|Any CPU
		{0E8BE679-8494-44E5-8668-01355360BAEB}.Debug|Any CPU.Build.0 = Debug|Any CPU
		{0E8BE679-8494-44E5-8668-01355360BAEB}.Release|Any CPU.ActiveCfg = Release|Any CPU
		{0E8BE679-8494-44E5-8668-01355360BAEB}.Release|Any CPU.Build.0 = Release|Any CPU
	EndGlobalSection
	GlobalSection(SolutionProperties) = preSolution
		HideSolutionNode = FALSE
	EndGlobalSection
	GlobalSection(ExtensibilityGlobals) = postSolution
		SolutionGuid = {391C2E15-0110-470B-9C32-4F16BDB1A169}
	EndGlobalSection
EndGlobal
